<?xml version="1.0" encoding="utf-8"?>
<Project ToolsVersion="4.0" xmlns="http://schemas.microsoft.com/developer/msbuild/2003">
  <ItemGroup>
    <Filter Include="Source Files">
      <UniqueIdentifier>{4FC737F1-C7A5-4376-A066-2A32D752A2FF}</UniqueIdentifier>
      <Extensions>cpp;c;cc;cxx;def;odl;idl;hpj;bat;asm;asmx</Extensions>
    </Filter>
    <Filter Include="Header Files">
      <UniqueIdentifier>{93995380-89BD-4b04-88EB-625FBE52EBFB}</UniqueIdentifier>
      <Extensions>h;hh;hpp;hxx;hm;inl;inc;xsd</Extensions>
    </Filter>
    <Filter Include="Resource Files">
      <UniqueIdentifier>{67DA6AB6-F800-4c08-8B7A-83BB121AAD01}</UniqueIdentifier>
      <Extensions>rc;ico;cur;bmp;dlg;rc2;rct;bin;rgs;gif;jpg;jpeg;jpe;resx;tiff;tif;png;wav;mfcribbon-ms</Extensions>
    </Filter>
    <Filter Include="Common">
      <UniqueIdentifier>{4e279818-f0ee-4d08-b65a-9c667ba8794e}</UniqueIdentifier>
    </Filter>
    <Filter Include="Thread">
      <UniqueIdentifier>{73bdf08f-5a35-4666-9ca7-658aafee0176}</UniqueIdentifier>
    </Filter>
  </ItemGroup>
  <ItemGroup>
    <ClInclude Include="Common\include\pbb\config.h">
      <Filter>Common</Filter>
    </ClInclude>
    <ClInclude Include="Common\include\pbb\pbb.h">
      <Filter>Common</Filter>
    </ClInclude>
    <ClInclude Include="Common\include\pbb\platform.h">
      <Filter>Common</Filter>
    </ClInclude>
    <ClInclude Include="Thread\include\pbb\thread.h">
      <Filter>Thread</Filter>
    </ClInclude>
    <ClInclude Include="other\Atomic.h">
      <Filter>Source Files</Filter>
    </ClInclude>
    <ClInclude Include="other\Endpoint.h">
      <Filter>Source Files</Filter>
    </ClInclude>
    <ClInclude Include="other\ITransport.h">
      <Filter>Source Files</Filter>
    </ClInclude>
    <ClInclude Include="other\LocalTransport.h">
      <Filter>Source Files</Filter>
    </ClInclude>
    <ClInclude Include="other\Message.h">
      <Filter>Source Files</Filter>
    </ClInclude>
    <ClInclude Include="other\MessageQueue.h">
      <Filter>Source Files</Filter>
    </ClInclude>
    <ClInclude Include="other\oe_types.h">
      <Filter>Source Files</Filter>
    </ClInclude>
    <ClInclude Include="other\RefCounted.h">
      <Filter>Source Files</Filter>
    </ClInclude>
    <ClInclude Include="other\RouteConfig.h">
      <Filter>Source Files</Filter>
    </ClInclude>
  </ItemGroup>
  <ItemGroup>
    <ClCompile Include="Thread\src\thread.cpp">
      <Filter>Thread</Filter>
    </ClCompile>
    <ClCompile Include="other\Configure.cpp">
      <Filter>Source Files</Filter>
    </ClCompile>
    <ClCompile Include="other\LocalTransport.cpp">
      <Filter>Source Files</Filter>
    </ClCompile>
    <ClCompile Include="other\Message.cpp">
      <Filter>Source Files</Filter>
    </ClCompile>
    <ClCompile Include="other\MessageQueue.cpp">
      <Filter>Source Files</Filter>
    </ClCompile>
    <ClCompile Include="other\RouteConfig.cpp">
      <Filter>Source Files</Filter>
    </ClCompile>
  </ItemGroup>
</Project>