
Microsoft Visual Studio Solution File, Format Version 12.00
# Visual Studio 15
VisualStudioVersion = 15.0.26430.6
MinimumVisualStudioVersion = 10.0.40219.1
Project("{8BC9CEB8-8B4A-11D0-8D11-00A0C91BC942}") = "Common", "Common\Common.vcxproj", "{7E68EF14-77F2-451D-9A98-7654309C5FA4}"
EndProject
Project("{8BC9CEB8-8B4A-11D0-8D11-00A0C91BC942}") = "Thread", "Thread\Thread.vcxproj", "{BFD04886-C720-4063-A492-2A543BAC2FE4}"
EndProject
Project("{8BC9CEB8-8B4A-11D0-8D11-00A0C91BC942}") = "Messaging", "Messaging\Messaging.vcxproj", "{19E9263C-6BFF-4C77-A976-4DCA3853EB46}"
EndProject
Project("{8BC9CEB8-8B4A-11D0-8D11-00A0C91BC942}") = "test", "Messaging\test\test.vcxproj", "{10DE67BE-2588-431B-93C6-834299E49FD0}"
	ProjectSection(ProjectDependencies) = postProject
		{19E9263C-6BFF-4C77-A976-4DCA3853EB46} = {19E9263C-6BFF-4C77-A976-4DCA3853EB46}
	EndProjectSection
EndProject
Project("{2150E333-8FDC-42A3-9474-1A3956D46DE8}") = "Net", "Net", "{6AB1C1E4-2930-4748-87DF-3A673C1D3A5E}"
EndProject
Project("{8BC9CEB8-8B4A-11D0-8D11-00A0C91BC942}") = "Net", "Net\Net.vcxproj", "{7D6FFBB1-C20E-4643-A09B-CD786A229D3C}"
EndProject
Project("{8BC9CEB8-8B4A-11D0-8D11-00A0C91BC942}") = "test", "Net\test\test.vcxproj", "{7C4B0A43-4D70-40EA-8BBC-DC9C9501B4DA}"
	ProjectSection(ProjectDependencies) = postProject
		{7D6FFBB1-C20E-4643-A09B-CD786A229D3C} = {7D6FFBB1-C20E-4643-A09B-CD786A229D3C}
	EndProjectSection
EndProject
Project("{2150E333-8FDC-42A3-9474-1A3956D46DE8}") = "Thread", "Thread", "{7148C5FA-F5B2-4EE7-BB96-5783D6C4DC69}"
EndProject
Project("{8BC9CEB8-8B4A-11D0-8D11-00A0C91BC942}") = "test", "Thread\test\test.vcxproj", "{D2C39C55-98D3-49D6-8E71-18CC86FCA70C}"
	ProjectSection(ProjectDependencies) = postProject
		{7E68EF14-77F2-451D-9A98-7654309C5FA4} = {7E68EF14-77F2-451D-9A98-7654309C5FA4}
	EndProjectSection
EndProject
Project("{2150E333-8FDC-42A3-9474-1A3956D46DE8}") = "Messaging", "Messaging", "{DB30C6BF-B236-4DEA-A8F2-BC5542D590A6}"
EndProject
Project("{2150E333-8FDC-42A3-9474-1A3956D46DE8}") = "Common", "Common", "{A220D9ED-FF46-4EDA-BE5E-792128E81FDB}"
EndProject
Project("{8BC9CEB8-8B4A-11D0-8D11-00A0C91BC942}") = "test", "Common\test\test.vcxproj", "{94C75101-EED7-42F5-8D76-F2F61A044699}"
EndProject
Global
	GlobalSection(SolutionConfigurationPlatforms) = preSolution
		Debug|x64 = Debug|x64
		Debug|x86 = Debug|x86
		Release|x64 = Release|x64
		Release|x86 = Release|x86
	EndGlobalSection
	GlobalSection(ProjectConfigurationPlatforms) = postSolution
		{7E68EF14-77F2-451D-9A98-7654309C5FA4}.Debug|x64.ActiveCfg = Debug|Win32
		{7E68EF14-77F2-451D-9A98-7654309C5FA4}.Debug|x86.ActiveCfg = Debug|Win32
		{7E68EF14-77F2-451D-9A98-7654309C5FA4}.Debug|x86.Build.0 = Debug|Win32
		{7E68EF14-77F2-451D-9A98-7654309C5FA4}.Release|x64.ActiveCfg = Release|Win32
		{7E68EF14-77F2-451D-9A98-7654309C5FA4}.Release|x86.ActiveCfg = Release|Win32
		{7E68EF14-77F2-451D-9A98-7654309C5FA4}.Release|x86.Build.0 = Release|Win32
		{BFD04886-C720-4063-A492-2A543BAC2FE4}.Debug|x64.ActiveCfg = Debug|Win32
		{BFD04886-C720-4063-A492-2A543BAC2FE4}.Debug|x86.ActiveCfg = Debug|Win32
		{BFD04886-C720-4063-A492-2A543BAC2FE4}.Debug|x86.Build.0 = Debug|Win32
		{BFD04886-C720-4063-A492-2A543BAC2FE4}.Release|x64.ActiveCfg = Release|Win32
		{BFD04886-C720-4063-A492-2A543BAC2FE4}.Release|x86.ActiveCfg = Release|Win32
		{BFD04886-C720-4063-A492-2A543BAC2FE4}.Release|x86.Build.0 = Release|Win32
		{19E9263C-6BFF-4C77-A976-4DCA3853EB46}.Debug|x64.ActiveCfg = Debug|Win32
		{19E9263C-6BFF-4C77-A976-4DCA3853EB46}.Debug|x86.ActiveCfg = Debug|Win32
		{19E9263C-6BFF-4C77-A976-4DCA3853EB46}.Debug|x86.Build.0 = Debug|Win32
		{19E9263C-6BFF-4C77-A976-4DCA3853EB46}.Release|x64.ActiveCfg = Release|Win32
		{19E9263C-6BFF-4C77-A976-4DCA3853EB46}.Release|x86.ActiveCfg = Release|Win32
		{19E9263C-6BFF-4C77-A976-4DCA3853EB46}.Release|x86.Build.0 = Release|Win32
		{10DE67BE-2588-431B-93C6-834299E49FD0}.Debug|x64.ActiveCfg = Debug|Win32
		{10DE67BE-2588-431B-93C6-834299E49FD0}.Debug|x86.ActiveCfg = Debug|Win32
		{10DE67BE-2588-431B-93C6-834299E49FD0}.Debug|x86.Build.0 = Debug|Win32
		{10DE67BE-2588-431B-93C6-834299E49FD0}.Release|x64.ActiveCfg = Release|Win32
		{10DE67BE-2588-431B-93C6-834299E49FD0}.Release|x86.ActiveCfg = Release|Win32
		{10DE67BE-2588-431B-93C6-834299E49FD0}.Release|x86.Build.0 = Release|Win32
		{7D6FFBB1-C20E-4643-A09B-CD786A229D3C}.Debug|x64.ActiveCfg = Debug|Win32
		{7D6FFBB1-C20E-4643-A09B-CD786A229D3C}.Debug|x86.ActiveCfg = Debug|Win32
		{7D6FFBB1-C20E-4643-A09B-CD786A229D3C}.Debug|x86.Build.0 = Debug|Win32
		{7D6FFBB1-C20E-4643-A09B-CD786A229D3C}.Release|x64.ActiveCfg = Release|Win32
		{7D6FFBB1-C20E-4643-A09B-CD786A229D3C}.Release|x86.ActiveCfg = Release|Win32
		{7D6FFBB1-C20E-4643-A09B-CD786A229D3C}.Release|x86.Build.0 = Release|Win32
		{7C4B0A43-4D70-40EA-8BBC-DC9C9501B4DA}.Debug|x64.ActiveCfg = Debug|Win32
		{7C4B0A43-4D70-40EA-8BBC-DC9C9501B4DA}.Debug|x86.ActiveCfg = Debug|Win32
		{7C4B0A43-4D70-40EA-8BBC-DC9C9501B4DA}.Debug|x86.Build.0 = Debug|Win32
		{7C4B0A43-4D70-40EA-8BBC-DC9C9501B4DA}.Release|x64.ActiveCfg = Release|Win32
		{7C4B0A43-4D70-40EA-8BBC-DC9C9501B4DA}.Release|x86.ActiveCfg = Release|Win32
		{7C4B0A43-4D70-40EA-8BBC-DC9C9501B4DA}.Release|x86.Build.0 = Release|Win32
		{D2C39C55-98D3-49D6-8E71-18CC86FCA70C}.Debug|x64.ActiveCfg = Debug|Win32
		{D2C39C55-98D3-49D6-8E71-18CC86FCA70C}.Debug|x86.ActiveCfg = Debug|Win32
		{D2C39C55-98D3-49D6-8E71-18CC86FCA70C}.Debug|x86.Build.0 = Debug|Win32
		{D2C39C55-98D3-49D6-8E71-18CC86FCA70C}.Release|x64.ActiveCfg = Release|Win32
		{D2C39C55-98D3-49D6-8E71-18CC86FCA70C}.Release|x86.ActiveCfg = Release|Win32
		{D2C39C55-98D3-49D6-8E71-18CC86FCA70C}.Release|x86.Build.0 = Release|Win32
		{94C75101-EED7-42F5-8D76-F2F61A044699}.Debug|x64.ActiveCfg = Debug|x64
		{94C75101-EED7-42F5-8D76-F2F61A044699}.Debug|x64.Build.0 = Debug|x64
		{94C75101-EED7-42F5-8D76-F2F61A044699}.Debug|x86.ActiveCfg = Debug|Win32
		{94C75101-EED7-42F5-8D76-F2F61A044699}.Debug|x86.Build.0 = Debug|Win32
		{94C75101-EED7-42F5-8D76-F2F61A044699}.Release|x64.ActiveCfg = Release|x64
		{94C75101-EED7-42F5-8D76-F2F61A044699}.Release|x64.Build.0 = Release|x64
		{94C75101-EED7-42F5-8D76-F2F61A044699}.Release|x86.ActiveCfg = Release|Win32
		{94C75101-EED7-42F5-8D76-F2F61A044699}.Release|x86.Build.0 = Release|Win32
	EndGlobalSection
	GlobalSection(SolutionProperties) = preSolution
		HideSolutionNode = FALSE
	EndGlobalSection
	GlobalSection(NestedProjects) = preSolution
		{7E68EF14-77F2-451D-9A98-7654309C5FA4} = {A220D9ED-FF46-4EDA-BE5E-792128E81FDB}
		{BFD04886-C720-4063-A492-2A543BAC2FE4} = {7148C5FA-F5B2-4EE7-BB96-5783D6C4DC69}
		{19E9263C-6BFF-4C77-A976-4DCA3853EB46} = {DB30C6BF-B236-4DEA-A8F2-BC5542D590A6}
		{10DE67BE-2588-431B-93C6-834299E49FD0} = {DB30C6BF-B236-4DEA-A8F2-BC5542D590A6}
		{7D6FFBB1-C20E-4643-A09B-CD786A229D3C} = {6AB1C1E4-2930-4748-87DF-3A673C1D3A5E}
		{7C4B0A43-4D70-40EA-8BBC-DC9C9501B4DA} = {6AB1C1E4-2930-4748-87DF-3A673C1D3A5E}
		{D2C39C55-98D3-49D6-8E71-18CC86FCA70C} = {7148C5FA-F5B2-4EE7-BB96-5783D6C4DC69}
		{94C75101-EED7-42F5-8D76-F2F61A044699} = {A220D9ED-FF46-4EDA-BE5E-792128E81FDB}
	EndGlobalSection
EndGlobal
