<?xml version="1.0" encoding="utf-8"?>
<Project ToolsVersion="4.0" xmlns="http://schemas.microsoft.com/developer/msbuild/2003">
  <ItemGroup>
    <Filter Include="Source Files">
      <UniqueIdentifier>{4FC737F1-C7A5-4376-A066-2A32D752A2FF}</UniqueIdentifier>
      <Extensions>cpp;c;cc;cxx;def;odl;idl;hpj;bat;asm;asmx</Extensions>
    </Filter>
    <Filter Include="Header Files">
      <UniqueIdentifier>{93995380-89BD-4b04-88EB-625FBE52EBFB}</UniqueIdentifier>
      <Extensions>h;hh;hpp;hxx;hm;inl;inc;xsd</Extensions>
    </Filter>
    <Filter Include="Resource Files">
      <UniqueIdentifier>{67DA6AB6-F800-4c08-8B7A-83BB121AAD01}</UniqueIdentifier>
      <Extensions>rc;ico;cur;bmp;dlg;rc2;rct;bin;rgs;gif;jpg;jpeg;jpe;resx;tiff;tif;png;wav;mfcribbon-ms</Extensions>
    </Filter>
    <Filter Include="Source Files\Common">
      <UniqueIdentifier>{ac9efb4b-8f22-4f67-96f9-6968e45daeb5}</UniqueIdentifier>
    </Filter>
    <Filter Include="Source Files\Thread">
      <UniqueIdentifier>{0bf571dc-a672-4b5c-b46a-3b6568ccaae3}</UniqueIdentifier>
    </Filter>
    <Filter Include="Source Files\Net">
      <UniqueIdentifier>{4d4c5c3a-446b-489e-9591-6f505c669d01}</UniqueIdentifier>
    </Filter>
    <Filter Include="Source Files\Messaging">
      <UniqueIdentifier>{73aa59f9-b256-4b73-b27b-2b04be4c098c}</UniqueIdentifier>
    </Filter>
  </ItemGroup>
  <ItemGroup>
    <ClCompile Include="src\Common\pbb.cpp">
      <Filter>Source Files\Common</Filter>
    </ClCompile>
    <ClCompile Include="src\Common\Arch_x86.cpp">
      <Filter>Source Files\Common</Filter>
    </ClCompile>
    <ClCompile Include="src\Common\Atomic.cpp">
      <Filter>Source Files\Common</Filter>
    </ClCompile>
    <ClCompile Include="src\Common\crc.cpp">
      <Filter>Source Files\Common</Filter>
    </ClCompile>
    <ClCompile Include="src\Common\crc_bitwise.cpp">
      <Filter>Source Files\Common</Filter>
    </ClCompile>
    <ClCompile Include="src\Common\crc_by4.cpp">
      <Filter>Source Files\Common</Filter>
    </ClCompile>
    <ClCompile Include="src\Common\crc_by8.cpp">
      <Filter>Source Files\Common</Filter>
    </ClCompile>
    <ClCompile Include="src\Common\crc_precompute_by4.cpp">
      <Filter>Source Files\Common</Filter>
    </ClCompile>
    <ClCompile Include="src\Common\crc_precompute_by8.cpp">
      <Filter>Source Files\Common</Filter>
    </ClCompile>
    <ClCompile Include="src\Common\crc_table.cpp">
      <Filter>Source Files\Common</Filter>
    </ClCompile>
    <ClCompile Include="src\Common\Logging.cpp">
      <Filter>Source Files\Common</Filter>
    </ClCompile>
    <ClCompile Include="src\Thread\Mutex.cpp">
      <Filter>Source Files\Thread</Filter>
    </ClCompile>
    <ClCompile Include="src\Thread\Thread.cpp">
      <Filter>Source Files\Thread</Filter>
    </ClCompile>
    <ClCompile Include="src\Net\Socket.cpp">
      <Filter>Source Files\Net</Filter>
    </ClCompile>
    <ClCompile Include="src\Net\Net.cpp">
      <Filter>Source Files\Net</Filter>
    </ClCompile>
    <ClCompile Include="src\Messaging\Message.cpp">
      <Filter>Source Files\Messaging</Filter>
    </ClCompile>
    <ClCompile Include="src\Messaging\MessageQueue.cpp">
      <Filter>Source Files\Messaging</Filter>
    </ClCompile>
    <ClCompile Include="src\Messaging\ProtocolInfo.cpp">
      <Filter>Source Files\Messaging</Filter>
    </ClCompile>
    <ClCompile Include="src\Messaging\RouteConfig.cpp">
      <Filter>Source Files\Messaging</Filter>
    </ClCompile>
    <ClCompile Include="src\Messaging\TCPTransport.cpp">
      <Filter>Source Files\Messaging</Filter>
    </ClCompile>
    <ClCompile Include="src\Messaging\TCPTransportProtocol.cpp">
      <Filter>Source Files\Messaging</Filter>
    </ClCompile>
    <ClCompile Include="src\Messaging\BinaryDecoder.cpp">
      <Filter>Source Files\Messaging</Filter>
    </ClCompile>
    <ClCompile Include="src\Messaging\BinaryEncoder.cpp">
      <Filter>Source Files\Messaging</Filter>
    </ClCompile>
    <ClCompile Include="src\Messaging\Configure.cpp">
      <Filter>Source Files\Messaging</Filter>
    </ClCompile>
    <ClCompile Include="src\Messaging\LocalTransport.cpp">
      <Filter>Source Files\Messaging</Filter>
    </ClCompile>
    <ClCompile Include="src\Net\SocketManager.cpp">
      <Filter>Source Files\Net</Filter>
    </ClCompile>
  </ItemGroup>
  <ItemGroup>
    <ClInclude Include="include\pbb\arch.h">
      <Filter>Header Files</Filter>
    </ClInclude>
    <ClInclude Include="include\pbb\Atomic.h">
      <Filter>Header Files</Filter>
    </ClInclude>
    <ClInclude Include="include\pbb\config.h">
      <Filter>Header Files</Filter>
    </ClInclude>
    <ClInclude Include="include\pbb\crc.h">
      <Filter>Header Files</Filter>
    </ClInclude>
    <ClInclude Include="include\pbb\DataChain.h">
      <Filter>Header Files</Filter>
    </ClInclude>
    <ClInclude Include="include\pbb\delegate.h">
      <Filter>Header Files</Filter>
    </ClInclude>
    <ClInclude Include="include\pbb\Logging.h">
      <Filter>Header Files</Filter>
    </ClInclude>
    <ClInclude Include="include\pbb\pbb.h">
      <Filter>Header Files</Filter>
    </ClInclude>
    <ClInclude Include="include\pbb\platform.h">
      <Filter>Header Files</Filter>
    </ClInclude>
  </ItemGroup>
</Project>